
Microsoft Visual Studio Solution File, Format Version 12.00
# Visual Studio Version 16
VisualStudioVersion = 16.0.31025.194
MinimumVisualStudioVersion = 10.0.40219.1
Project("{2150E333-8FDC-42A3-9474-1A3956D46DE8}") = "src", "src", "{621401EE-5F3D-4116-9DB8-4FE14D742D7C}"
EndProject
Project("{2150E333-8FDC-42A3-9474-1A3956D46DE8}") = "test", "test", "{3DEC1AF2-261E-44CB-9A9E-7C7BF982AAA7}"
EndProject
Project("{9A19103F-16F7-4668-BE54-9A1E7A4F7556}") = "FibaroDotNetSDK", "src\FibaroDotNetSDK\FibaroDotNetSDK.csproj", "{A536C1C9-30D9-4E70-B615-0411BE3313F9}"
EndProject
Project("{9A19103F-16F7-4668-BE54-9A1E7A4F7556}") = "FibaroDotNet.Tests", "test\FibaroDotNet.Tests\FibaroDotNet.Tests.csproj", "{91C80C7A-603D-4C73-B77E-1F5EA702A729}"
EndProject
Project("{2150E333-8FDC-42A3-9474-1A3956D46DE8}") = "Solution Items", "Solution Items", "{B7D576E5-D3EF-4B6C-B1C9-5445685613CC}"
	ProjectSection(SolutionItems) = preProject
		Directory.Build.props = Directory.Build.props
		LICENSE = LICENSE
		README.md = README.md
	EndProjectSection
EndProject
Project("{FAE04EC0-301F-11D3-BF4B-00C04F79EFBC}") = "FibaroTool", "FibaroTool\FibaroTool\FibaroTool.csproj", "{1BE3D3C0-1111-4A29-BE94-6F55BE842781}"
EndProject
Project("{FAE04EC0-301F-11D3-BF4B-00C04F79EFBC}") = "FibaroTool.Core", "FibaroTool\FibaroTool.Core\FibaroTool.Core.csproj", "{5C4027C5-D931-4D03-90BC-CD2946ED6FA3}"
EndProject
Project("{FAE04EC0-301F-11D3-BF4B-00C04F79EFBC}") = "FibaroTool.Modules.ModuleName", "FibaroTool\Modules\FibaroTool.Modules.ModuleName\FibaroTool.Modules.ModuleName.csproj", "{280A078D-C77D-44F4-BC9F-B2643A842CCD}"
EndProject
Project("{FAE04EC0-301F-11D3-BF4B-00C04F79EFBC}") = "FibaroTool.Services", "FibaroTool\Services\FibaroTool.Services\FibaroTool.Services.csproj", "{8E661CB1-9DF7-4DF3-8370-33AC7883A350}"
EndProject
Project("{FAE04EC0-301F-11D3-BF4B-00C04F79EFBC}") = "FibaroTool.Services.Interfaces", "FibaroTool\Services\FibaroTool.Services.Interfaces\FibaroTool.Services.Interfaces.csproj", "{6C23D5A1-EF49-4C9C-8E09-828A1BC868D1}"
EndProject
Project("{FAE04EC0-301F-11D3-BF4B-00C04F79EFBC}") = "FibaroTool.Modules.ModuleName.Tests", "FibaroTool\Tests\FibaroTool.Modules.ModuleName.Tests\FibaroTool.Modules.ModuleName.Tests.csproj", "{C95324AF-456A-4A9C-9A23-C75020D9CC0C}"
EndProject
Project("{2150E333-8FDC-42A3-9474-1A3956D46DE8}") = "Tools", "Tools", "{3FC1820E-FBC6-4E66-8AD8-33B92DD58CE9}"
EndProject
Global
	GlobalSection(SolutionConfigurationPlatforms) = preSolution
		Debug|Any CPU = Debug|Any CPU
		Release|Any CPU = Release|Any CPU
	EndGlobalSection
	GlobalSection(ProjectConfigurationPlatforms) = postSolution
		{A536C1C9-30D9-4E70-B615-0411BE3313F9}.Debug|Any CPU.ActiveCfg = Debug|Any CPU
		{A536C1C9-30D9-4E70-B615-0411BE3313F9}.Debug|Any CPU.Build.0 = Debug|Any CPU
		{A536C1C9-30D9-4E70-B615-0411BE3313F9}.Release|Any CPU.ActiveCfg = Release|Any CPU
		{A536C1C9-30D9-4E70-B615-0411BE3313F9}.Release|Any CPU.Build.0 = Release|Any CPU
		{91C80C7A-603D-4C73-B77E-1F5EA702A729}.Debug|Any CPU.ActiveCfg = Debug|Any CPU
		{91C80C7A-603D-4C73-B77E-1F5EA702A729}.Debug|Any CPU.Build.0 = Debug|Any CPU
		{91C80C7A-603D-4C73-B77E-1F5EA702A729}.Release|Any CPU.ActiveCfg = Release|Any CPU
		{91C80C7A-603D-4C73-B77E-1F5EA702A729}.Release|Any CPU.Build.0 = Release|Any CPU
		{1BE3D3C0-1111-4A29-BE94-6F55BE842781}.Debug|Any CPU.ActiveCfg = Debug|Any CPU
		{1BE3D3C0-1111-4A29-BE94-6F55BE842781}.Debug|Any CPU.Build.0 = Debug|Any CPU
		{1BE3D3C0-1111-4A29-BE94-6F55BE842781}.Release|Any CPU.ActiveCfg = Release|Any CPU
		{1BE3D3C0-1111-4A29-BE94-6F55BE842781}.Release|Any CPU.Build.0 = Release|Any CPU
		{5C4027C5-D931-4D03-90BC-CD2946ED6FA3}.Debug|Any CPU.ActiveCfg = Debug|Any CPU
		{5C4027C5-D931-4D03-90BC-CD2946ED6FA3}.Debug|Any CPU.Build.0 = Debug|Any CPU
		{5C4027C5-D931-4D03-90BC-CD2946ED6FA3}.Release|Any CPU.ActiveCfg = Release|Any CPU
		{5C4027C5-D931-4D03-90BC-CD2946ED6FA3}.Release|Any CPU.Build.0 = Release|Any CPU
		{280A078D-C77D-44F4-BC9F-B2643A842CCD}.Debug|Any CPU.ActiveCfg = Debug|Any CPU
		{280A078D-C77D-44F4-BC9F-B2643A842CCD}.Debug|Any CPU.Build.0 = Debug|Any CPU
		{280A078D-C77D-44F4-BC9F-B2643A842CCD}.Release|Any CPU.ActiveCfg = Release|Any CPU
		{280A078D-C77D-44F4-BC9F-B2643A842CCD}.Release|Any CPU.Build.0 = Release|Any CPU
		{8E661CB1-9DF7-4DF3-8370-33AC7883A350}.Debug|Any CPU.ActiveCfg = Debug|Any CPU
		{8E661CB1-9DF7-4DF3-8370-33AC7883A350}.Debug|Any CPU.Build.0 = Debug|Any CPU
		{8E661CB1-9DF7-4DF3-8370-33AC7883A350}.Release|Any CPU.ActiveCfg = Release|Any CPU
		{8E661CB1-9DF7-4DF3-8370-33AC7883A350}.Release|Any CPU.Build.0 = Release|Any CPU
		{6C23D5A1-EF49-4C9C-8E09-828A1BC868D1}.Debug|Any CPU.ActiveCfg = Debug|Any CPU
		{6C23D5A1-EF49-4C9C-8E09-828A1BC868D1}.Debug|Any CPU.Build.0 = Debug|Any CPU
		{6C23D5A1-EF49-4C9C-8E09-828A1BC868D1}.Release|Any CPU.ActiveCfg = Release|Any CPU
		{6C23D5A1-EF49-4C9C-8E09-828A1BC868D1}.Release|Any CPU.Build.0 = Release|Any CPU
		{C95324AF-456A-4A9C-9A23-C75020D9CC0C}.Debug|Any CPU.ActiveCfg = Debug|Any CPU
		{C95324AF-456A-4A9C-9A23-C75020D9CC0C}.Debug|Any CPU.Build.0 = Debug|Any CPU
		{C95324AF-456A-4A9C-9A23-C75020D9CC0C}.Release|Any CPU.ActiveCfg = Release|Any CPU
		{C95324AF-456A-4A9C-9A23-C75020D9CC0C}.Release|Any CPU.Build.0 = Release|Any CPU
	EndGlobalSection
	GlobalSection(SolutionProperties) = preSolution
		HideSolutionNode = FALSE
	EndGlobalSection
	GlobalSection(NestedProjects) = preSolution
		{A536C1C9-30D9-4E70-B615-0411BE3313F9} = {3FC1820E-FBC6-4E66-8AD8-33B92DD58CE9}
		{91C80C7A-603D-4C73-B77E-1F5EA702A729} = {3DEC1AF2-261E-44CB-9A9E-7C7BF982AAA7}
		{1BE3D3C0-1111-4A29-BE94-6F55BE842781} = {3FC1820E-FBC6-4E66-8AD8-33B92DD58CE9}
		{5C4027C5-D931-4D03-90BC-CD2946ED6FA3} = {3FC1820E-FBC6-4E66-8AD8-33B92DD58CE9}
		{280A078D-C77D-44F4-BC9F-B2643A842CCD} = {3FC1820E-FBC6-4E66-8AD8-33B92DD58CE9}
		{8E661CB1-9DF7-4DF3-8370-33AC7883A350} = {3FC1820E-FBC6-4E66-8AD8-33B92DD58CE9}
		{6C23D5A1-EF49-4C9C-8E09-828A1BC868D1} = {3FC1820E-FBC6-4E66-8AD8-33B92DD58CE9}
		{C95324AF-456A-4A9C-9A23-C75020D9CC0C} = {3DEC1AF2-261E-44CB-9A9E-7C7BF982AAA7}
		{3FC1820E-FBC6-4E66-8AD8-33B92DD58CE9} = {621401EE-5F3D-4116-9DB8-4FE14D742D7C}
	EndGlobalSection
	GlobalSection(ExtensibilityGlobals) = postSolution
		SolutionGuid = {63BE81D9-BD4E-4B4E-991A-780486167740}
	EndGlobalSection
EndGlobal
